
Microsoft Visual Studio Solution File, Format Version 12.00
# Visual Studio Version 16
VisualStudioVersion = 16.0.30907.101
MinimumVisualStudioVersion = 10.0.40219.1
Project("{FAE04EC0-301F-11D3-BF4B-00C04F79EFBC}") = "Async", "Async\Async.csproj", "{4E79DAF3-C6E5-47BF-B418-57605D57A5D4}"
EndProject
Global
	GlobalSection(SolutionConfigurationPlatforms) = preSolution
		Debug|Any CPU = Debug|Any CPU
		Release|Any CPU = Release|Any CPU
	EndGlobalSection
	GlobalSection(ProjectConfigurationPlatforms) = postSolution
		{4E79DAF3-C6E5-47BF-B418-57605D57A5D4}.Debug|Any CPU.ActiveCfg = Debug|Any CPU
		{4E79DAF3-C6E5-47BF-B418-57605D57A5D4}.Debug|Any CPU.Build.0 = Debug|Any CPU
		{4E79DAF3-C6E5-47BF-B418-57605D57A5D4}.Release|Any CPU.ActiveCfg = Release|Any CPU
		{4E79DAF3-C6E5-47BF-B418-57605D57A5D4}.Release|Any CPU.Build.0 = Release|Any CPU
	EndGlobalSection
	GlobalSection(SolutionProperties) = preSolution
		HideSolutionNode = FALSE
	EndGlobalSection
	GlobalSection(ExtensibilityGlobals) = postSolution
		SolutionGuid = {270730A3-66C2-4E7F-A519-FDAA371CFE2D}
	EndGlobalSection
EndGlobal
